
Microsoft Visual Studio Solution File, Format Version 12.00
# Visual Studio 15
Project("{FAE04EC0-301F-11D3-BF4B-00C04F79EFBC}") = "LabOne", "LabOne\LabOne.csproj", "{C7F180CB-B234-4060-9B45-ECB35BCE6256}"
EndProject
Global
	GlobalSection(SolutionConfigurationPlatforms) = preSolution
		Debug|anycpu = Debug|anycpu
		Release|anycpu = Release|anycpu
	EndGlobalSection
	GlobalSection(ProjectConfigurationPlatforms) = postSolution
		{C7F180CB-B234-4060-9B45-ECB35BCE6256}.Debug|anycpu.ActiveCfg = Debug|anycpu
		{C7F180CB-B234-4060-9B45-ECB35BCE6256}.Debug|anycpu.Build.0 = Debug|anycpu
		{C7F180CB-B234-4060-9B45-ECB35BCE6256}.Release|anycpu.ActiveCfg = Release|anycpu
		{C7F180CB-B234-4060-9B45-ECB35BCE6256}.Release|anycpu.Build.0 = Release|anycpu
	EndGlobalSection
EndGlobal
