Microsoft Visual Studio Solution File, Format Version 12.00
# Visual Studio Version 16
VisualStudioVersion = 16.0.29306.81
MinimumVisualStudioVersion = 10.0.40219.1
Project("{FAE04EC0-301F-11D3-BF4B-00C04F79EFBC}") = "LabOne", "LabOne\LabOne.csproj", "{5621357E-F857-4535-AB9C-F20EB42F8969}"
EndProject
Global
	GlobalSection(SolutionConfigurationPlatforms) = preSolution
		Debug|anycpu = Debug|anycpu
		Release|anycpu = Release|anycpu
	EndGlobalSection
	GlobalSection(ProjectConfigurationPlatforms) = postSolution
		{5621357E-F857-4535-AB9C-F20EB42F8969}.Debug|anycpu.ActiveCfg = Debug|Any CPU
		{5621357E-F857-4535-AB9C-F20EB42F8969}.Debug|anycpu.Build.0 = Debug|Any CPU
		{5621357E-F857-4535-AB9C-F20EB42F8969}.Release|anycpu.ActiveCfg = Release|Any CPU
		{5621357E-F857-4535-AB9C-F20EB42F8969}.Release|anycpu.Build.0 = Release|Any CPU
	EndGlobalSection
	GlobalSection(SolutionProperties) = preSolution
		HideSolutionNode = FALSE
	EndGlobalSection
	GlobalSection(ExtensibilityGlobals) = postSolution
		SolutionGuid = {6162E0B8-B259-4338-A09F-4FBF1FEC2F53}
	EndGlobalSection
EndGlobal
